{
  "version": 4,
  "terraform_version": "1.9.7",
  "serial": 12,
  "lineage": "f32ab678-6144-b403-558b-db1ee57f2ccc",
  "outputs": {},
  "resources": [
    {
      "mode": "managed",
      "type": "kubectl_manifest",
      "name": "storage_class",
      "provider": "provider[\"registry.terraform.io/gavinbunney/kubectl\"]",
      "instances": [
        {
          "schema_version": 1,
          "attributes": {
            "api_version": "storage.k8s.io/v1",
            "apply_only": false,
            "force_conflicts": false,
            "force_new": false,
            "id": "/apis/storage.k8s.io/v1/storageclasses/jenkins-disk-rancher",
            "ignore_fields": null,
            "kind": "StorageClass",
            "live_manifest_incluster": "17f402793e230a7bdafac32943ae34d645476a968ab3349d077287a6aed2a0e8",
            "live_uid": "79f8e0b5-7157-4a5f-b7ea-5d8e46dff737",
            "name": "jenkins-disk-rancher",
            "namespace": "cicd",
            "override_namespace": null,
            "sensitive_fields": null,
            "server_side_apply": false,
            "timeouts": null,
            "uid": "79f8e0b5-7157-4a5f-b7ea-5d8e46dff737",
            "validate_schema": true,
            "wait": null,
            "wait_for_rollout": true,
            "yaml_body": "apiVersion: storage.k8s.io/v1\nkind: StorageClass\nmetadata:\n  name: jenkins-disk-rancher\n  namespace: cicd\n  annotations:\n    storageclass.kubernetes.io/is-default-class: \"false\"\nprovisioner: rancher.io/local-path\nvolumeBindingMode: WaitForFirstConsumer\nreclaimPolicy: Retain # default value is Delete\nallowVolumeExpansion: true\n",
            "yaml_body_parsed": "allowVolumeExpansion: true\napiVersion: storage.k8s.io/v1\nkind: StorageClass\nmetadata:\n  annotations:\n    storageclass.kubernetes.io/is-default-class: \"false\"\n  name: jenkins-disk-rancher\n  namespace: cicd\nprovisioner: rancher.io/local-path\nreclaimPolicy: Retain\nvolumeBindingMode: WaitForFirstConsumer\n",
            "yaml_incluster": "17f402793e230a7bdafac32943ae34d645476a968ab3349d077287a6aed2a0e8"
          },
          "sensitive_attributes": [
            [
              {
                "type": "get_attr",
                "value": "yaml_body"
              }
            ],
            [
              {
                "type": "get_attr",
                "value": "live_manifest_incluster"
              }
            ],
            [
              {
                "type": "get_attr",
                "value": "yaml_incluster"
              }
            ]
          ],
          "private": "eyJlMmJmYjczMC1lY2FhLTExZTYtOGY4OC0zNDM2M2JjN2M0YzAiOnsiY3JlYXRlIjo2MDAwMDAwMDAwMDB9LCJzY2hlbWFfdmVyc2lvbiI6IjEifQ=="
        }
      ]
    }
  ],
  "check_results": null
}
